// !$*UTF8*$!
{
	archiveVersion = 1;
	classes = {
	};
	objectVersion = 55;
	objects = {

/* Begin PBXBuildFile section */
		12431E0E28A0900A007AB31D /* AppDelegate.swift in Sources */ = {isa = PBXBuildFile; fileRef = 12431E0D28A0900A007AB31D /* AppDelegate.swift */; };
		12431E1028A0900A007AB31D /* SceneDelegate.swift in Sources */ = {isa = PBXBuildFile; fileRef = 12431E0F28A0900A007AB31D /* SceneDelegate.swift */; };
		12431E1228A0900A007AB31D /* ViewController.swift in Sources */ = {isa = PBXBuildFile; fileRef = 12431E1128A0900A007AB31D /* ViewController.swift */; };
		12431E1528A0900A007AB31D /* Main.storyboard in Resources */ = {isa = PBXBuildFile; fileRef = 12431E1328A0900A007AB31D /* Main.storyboard */; };
		12431E1728A0900B007AB31D /* Assets.xcassets in Resources */ = {isa = PBXBuildFile; fileRef = 12431E1628A0900B007AB31D /* Assets.xcassets */; };
		12431E1A28A0900B007AB31D /* LaunchScreen.storyboard in Resources */ = {isa = PBXBuildFile; fileRef = 12431E1828A0900B007AB31D /* LaunchScreen.storyboard */; };
		12431E2328A09035007AB31D /* Alamofire in Frameworks */ = {isa = PBXBuildFile; productRef = 12431E2228A09035007AB31D /* Alamofire */; };
		12431E2628A09051007AB31D /* Kingfisher in Frameworks */ = {isa = PBXBuildFile; productRef = 12431E2528A09051007AB31D /* Kingfisher */; };
		12431E2928A0905B007AB31D /* SwiftyJSON in Frameworks */ = {isa = PBXBuildFile; productRef = 12431E2828A0905B007AB31D /* SwiftyJSON */; };
		12431E2B28A090CE007AB31D /* .gitignore in Resources */ = {isa = PBXBuildFile; fileRef = 12431E2A28A090CE007AB31D /* .gitignore */; };
		12431E2D28A09111007AB31D /* APIKey.swift in Sources */ = {isa = PBXBuildFile; fileRef = 12431E2C28A09111007AB31D /* APIKey.swift */; };
		12431E3028A0949B007AB31D /* Endpoint.swift in Sources */ = {isa = PBXBuildFile; fileRef = 12431E2F28A0949B007AB31D /* Endpoint.swift */; };
		12431E3228A0950F007AB31D /* URL+Extension.swift in Sources */ = {isa = PBXBuildFile; fileRef = 12431E3128A0950F007AB31D /* URL+Extension.swift */; };
		12431E3428A0A781007AB31D /* APIManager.swift in Sources */ = {isa = PBXBuildFile; fileRef = 12431E3328A0A781007AB31D /* APIManager.swift */; };
		12431E3628A0ABFA007AB31D /* ClosureViewController.swift in Sources */ = {isa = PBXBuildFile; fileRef = 12431E3528A0ABFA007AB31D /* ClosureViewController.swift */; };
/* End PBXBuildFile section */

/* Begin PBXFileReference section */
		12431E0A28A0900A007AB31D /* SeSACWeek6.app */ = {isa = PBXFileReference; explicitFileType = wrapper.application; includeInIndex = 0; path = SeSACWeek6.app; sourceTree = BUILT_PRODUCTS_DIR; };
		12431E0D28A0900A007AB31D /* AppDelegate.swift */ = {isa = PBXFileReference; lastKnownFileType = sourcecode.swift; path = AppDelegate.swift; sourceTree = "<group>"; };
		12431E0F28A0900A007AB31D /* SceneDelegate.swift */ = {isa = PBXFileReference; lastKnownFileType = sourcecode.swift; path = SceneDelegate.swift; sourceTree = "<group>"; };
		12431E1128A0900A007AB31D /* ViewController.swift */ = {isa = PBXFileReference; lastKnownFileType = sourcecode.swift; path = ViewController.swift; sourceTree = "<group>"; };
		12431E1428A0900A007AB31D /* Base */ = {isa = PBXFileReference; lastKnownFileType = file.storyboard; name = Base; path = Base.lproj/Main.storyboard; sourceTree = "<group>"; };
		12431E1628A0900B007AB31D /* Assets.xcassets */ = {isa = PBXFileReference; lastKnownFileType = folder.assetcatalog; path = Assets.xcassets; sourceTree = "<group>"; };
		12431E1928A0900B007AB31D /* Base */ = {isa = PBXFileReference; lastKnownFileType = file.storyboard; name = Base; path = Base.lproj/LaunchScreen.storyboard; sourceTree = "<group>"; };
		12431E1B28A0900B007AB31D /* Info.plist */ = {isa = PBXFileReference; lastKnownFileType = text.plist.xml; path = Info.plist; sourceTree = "<group>"; };
		12431E2A28A090CE007AB31D /* .gitignore */ = {isa = PBXFileReference; lastKnownFileType = text; path = .gitignore; sourceTree = "<group>"; };
		12431E2C28A09111007AB31D /* APIKey.swift */ = {isa = PBXFileReference; lastKnownFileType = sourcecode.swift; path = APIKey.swift; sourceTree = "<group>"; };
		12431E2F28A0949B007AB31D /* Endpoint.swift */ = {isa = PBXFileReference; lastKnownFileType = sourcecode.swift; path = Endpoint.swift; sourceTree = "<group>"; };
		12431E3128A0950F007AB31D /* URL+Extension.swift */ = {isa = PBXFileReference; lastKnownFileType = sourcecode.swift; path = "URL+Extension.swift"; sourceTree = "<group>"; };
		12431E3328A0A781007AB31D /* APIManager.swift */ = {isa = PBXFileReference; lastKnownFileType = sourcecode.swift; path = APIManager.swift; sourceTree = "<group>"; };
		12431E3528A0ABFA007AB31D /* ClosureViewController.swift */ = {isa = PBXFileReference; lastKnownFileType = sourcecode.swift; path = ClosureViewController.swift; sourceTree = "<group>"; };
/* End PBXFileReference section */

/* Begin PBXFrameworksBuildPhase section */
		12431E0728A0900A007AB31D /* Frameworks */ = {
			isa = PBXFrameworksBuildPhase;
			buildActionMask = 2147483647;
			files = (
				12431E2928A0905B007AB31D /* SwiftyJSON in Frameworks */,
				12431E2628A09051007AB31D /* Kingfisher in Frameworks */,
				12431E2328A09035007AB31D /* Alamofire in Frameworks */,
			);
			runOnlyForDeploymentPostprocessing = 0;
		};
/* End PBXFrameworksBuildPhase section */

/* Begin PBXGroup section */
		12431E0128A0900A007AB31D = {
			isa = PBXGroup;
			children = (
				12431E2A28A090CE007AB31D /* .gitignore */,
				12431E0C28A0900A007AB31D /* SeSACWeek6 */,
				12431E0B28A0900A007AB31D /* Products */,
			);
			sourceTree = "<group>";
		};
		12431E0B28A0900A007AB31D /* Products */ = {
			isa = PBXGroup;
			children = (
				12431E0A28A0900A007AB31D /* SeSACWeek6.app */,
			);
			name = Products;
			sourceTree = "<group>";
		};
		12431E0C28A0900A007AB31D /* SeSACWeek6 */ = {
			isa = PBXGroup;
			children = (
				12431E2E28A09480007AB31D /* Network */,
				12431E0D28A0900A007AB31D /* AppDelegate.swift */,
				12431E0F28A0900A007AB31D /* SceneDelegate.swift */,
				12431E1128A0900A007AB31D /* ViewController.swift */,
				12431E1328A0900A007AB31D /* Main.storyboard */,
				12431E3528A0ABFA007AB31D /* ClosureViewController.swift */,
				12431E1628A0900B007AB31D /* Assets.xcassets */,
				12431E1828A0900B007AB31D /* LaunchScreen.storyboard */,
				12431E1B28A0900B007AB31D /* Info.plist */,
				12431E2C28A09111007AB31D /* APIKey.swift */,
			);
			path = SeSACWeek6;
			sourceTree = "<group>";
		};
		12431E2E28A09480007AB31D /* Network */ = {
			isa = PBXGroup;
			children = (
				12431E2F28A0949B007AB31D /* Endpoint.swift */,
				12431E3128A0950F007AB31D /* URL+Extension.swift */,
				12431E3328A0A781007AB31D /* APIManager.swift */,
			);
			path = Network;
			sourceTree = "<group>";
		};
/* End PBXGroup section */

/* Begin PBXNativeTarget section */
		12431E0928A0900A007AB31D /* SeSACWeek6 */ = {
			isa = PBXNativeTarget;
			buildConfigurationList = 12431E1E28A0900B007AB31D /* Build configuration list for PBXNativeTarget "SeSACWeek6" */;
			buildPhases = (
				12431E0628A0900A007AB31D /* Sources */,
				12431E0728A0900A007AB31D /* Frameworks */,
				12431E0828A0900A007AB31D /* Resources */,
			);
			buildRules = (
			);
			dependencies = (
			);
			name = SeSACWeek6;
			packageProductDependencies = (
				12431E2228A09035007AB31D /* Alamofire */,
				12431E2528A09051007AB31D /* Kingfisher */,
				12431E2828A0905B007AB31D /* SwiftyJSON */,
			);
			productName = SeSACWeek6;
			productReference = 12431E0A28A0900A007AB31D /* SeSACWeek6.app */;
			productType = "com.apple.product-type.application";
		};
/* End PBXNativeTarget section */

/* Begin PBXProject section */
		12431E0228A0900A007AB31D /* Project object */ = {
			isa = PBXProject;
			attributes = {
				BuildIndependentTargetsInParallel = 1;
				LastSwiftUpdateCheck = 1340;
				LastUpgradeCheck = 1340;
				TargetAttributes = {
					12431E0928A0900A007AB31D = {
						CreatedOnToolsVersion = 13.4.1;
					};
				};
			};
			buildConfigurationList = 12431E0528A0900A007AB31D /* Build configuration list for PBXProject "SeSACWeek6" */;
			compatibilityVersion = "Xcode 13.0";
			developmentRegion = en;
			hasScannedForEncodings = 0;
			knownRegions = (
				en,
				Base,
			);
			mainGroup = 12431E0128A0900A007AB31D;
			packageReferences = (
				12431E2128A09035007AB31D /* XCRemoteSwiftPackageReference "Alamofire" */,
				12431E2428A09051007AB31D /* XCRemoteSwiftPackageReference "Kingfisher" */,
				12431E2728A0905B007AB31D /* XCRemoteSwiftPackageReference "SwiftyJSON" */,
			);
			productRefGroup = 12431E0B28A0900A007AB31D /* Products */;
			projectDirPath = "";
			projectRoot = "";
			targets = (
				12431E0928A0900A007AB31D /* SeSACWeek6 */,
			);
		};
/* End PBXProject section */

/* Begin PBXResourcesBuildPhase section */
		12431E0828A0900A007AB31D /* Resources */ = {
			isa = PBXResourcesBuildPhase;
			buildActionMask = 2147483647;
			files = (
				12431E2B28A090CE007AB31D /* .gitignore in Resources */,
				12431E1A28A0900B007AB31D /* LaunchScreen.storyboard in Resources */,
				12431E1728A0900B007AB31D /* Assets.xcassets in Resources */,
				12431E1528A0900A007AB31D /* Main.storyboard in Resources */,
			);
			runOnlyForDeploymentPostprocessing = 0;
		};
/* End PBXResourcesBuildPhase section */

/* Begin PBXSourcesBuildPhase section */
		12431E0628A0900A007AB31D /* Sources */ = {
			isa = PBXSourcesBuildPhase;
			buildActionMask = 2147483647;
			files = (
				12431E1228A0900A007AB31D /* ViewController.swift in Sources */,
				12431E0E28A0900A007AB31D /* AppDelegate.swift in Sources */,
				12431E3628A0ABFA007AB31D /* ClosureViewController.swift in Sources */,
				12431E2D28A09111007AB31D /* APIKey.swift in Sources */,
				12431E1028A0900A007AB31D /* SceneDelegate.swift in Sources */,
				12431E3028A0949B007AB31D /* Endpoint.swift in Sources */,
				12431E3228A0950F007AB31D /* URL+Extension.swift in Sources */,
				12431E3428A0A781007AB31D /* APIManager.swift in Sources */,
			);
			runOnlyForDeploymentPostprocessing = 0;
		};
/* End PBXSourcesBuildPhase section */

/* Begin PBXVariantGroup section */
		12431E1328A0900A007AB31D /* Main.storyboard */ = {
			isa = PBXVariantGroup;
			children = (
				12431E1428A0900A007AB31D /* Base */,
			);
			name = Main.storyboard;
			sourceTree = "<group>";
		};
		12431E1828A0900B007AB31D /* LaunchScreen.storyboard */ = {
			isa = PBXVariantGroup;
			children = (
				12431E1928A0900B007AB31D /* Base */,
			);
			name = LaunchScreen.storyboard;
			sourceTree = "<group>";
		};
/* End PBXVariantGroup section */

/* Begin XCBuildConfiguration section */
		12431E1C28A0900B007AB31D /* Debug */ = {
			isa = XCBuildConfiguration;
			buildSettings = {
				ALWAYS_SEARCH_USER_PATHS = NO;
				CLANG_ANALYZER_NONNULL = YES;
				CLANG_ANALYZER_NUMBER_OBJECT_CONVERSION = YES_AGGRESSIVE;
				CLANG_CXX_LANGUAGE_STANDARD = "gnu++17";
				CLANG_ENABLE_MODULES = YES;
				CLANG_ENABLE_OBJC_ARC = YES;
				CLANG_ENABLE_OBJC_WEAK = YES;
				CLANG_WARN_BLOCK_CAPTURE_AUTORELEASING = YES;
				CLANG_WARN_BOOL_CONVERSION = YES;
				CLANG_WARN_COMMA = YES;
				CLANG_WARN_CONSTANT_CONVERSION = YES;
				CLANG_WARN_DEPRECATED_OBJC_IMPLEMENTATIONS = YES;
				CLANG_WARN_DIRECT_OBJC_ISA_USAGE = YES_ERROR;
				CLANG_WARN_DOCUMENTATION_COMMENTS = YES;
				CLANG_WARN_EMPTY_BODY = YES;
				CLANG_WARN_ENUM_CONVERSION = YES;
				CLANG_WARN_INFINITE_RECURSION = YES;
				CLANG_WARN_INT_CONVERSION = YES;
				CLANG_WARN_NON_LITERAL_NULL_CONVERSION = YES;
				CLANG_WARN_OBJC_IMPLICIT_RETAIN_SELF = YES;
				CLANG_WARN_OBJC_LITERAL_CONVERSION = YES;
				CLANG_WARN_OBJC_ROOT_CLASS = YES_ERROR;
				CLANG_WARN_QUOTED_INCLUDE_IN_FRAMEWORK_HEADER = YES;
				CLANG_WARN_RANGE_LOOP_ANALYSIS = YES;
				CLANG_WARN_STRICT_PROTOTYPES = YES;
				CLANG_WARN_SUSPICIOUS_MOVE = YES;
				CLANG_WARN_UNGUARDED_AVAILABILITY = YES_AGGRESSIVE;
				CLANG_WARN_UNREACHABLE_CODE = YES;
				CLANG_WARN__DUPLICATE_METHOD_MATCH = YES;
				COPY_PHASE_STRIP = NO;
				DEBUG_INFORMATION_FORMAT = dwarf;
				ENABLE_STRICT_OBJC_MSGSEND = YES;
				ENABLE_TESTABILITY = YES;
				GCC_C_LANGUAGE_STANDARD = gnu11;
				GCC_DYNAMIC_NO_PIC = NO;
				GCC_NO_COMMON_BLOCKS = YES;
				GCC_OPTIMIZATION_LEVEL = 0;
				GCC_PREPROCESSOR_DEFINITIONS = (
					"DEBUG=1",
					"$(inherited)",
				);
				GCC_WARN_64_TO_32_BIT_CONVERSION = YES;
				GCC_WARN_ABOUT_RETURN_TYPE = YES_ERROR;
				GCC_WARN_UNDECLARED_SELECTOR = YES;
				GCC_WARN_UNINITIALIZED_AUTOS = YES_AGGRESSIVE;
				GCC_WARN_UNUSED_FUNCTION = YES;
				GCC_WARN_UNUSED_VARIABLE = YES;
				IPHONEOS_DEPLOYMENT_TARGET = 15.5;
				MTL_ENABLE_DEBUG_INFO = INCLUDE_SOURCE;
				MTL_FAST_MATH = YES;
				ONLY_ACTIVE_ARCH = YES;
				SDKROOT = iphoneos;
				SWIFT_ACTIVE_COMPILATION_CONDITIONS = DEBUG;
				SWIFT_OPTIMIZATION_LEVEL = "-Onone";
			};
			name = Debug;
		};
		12431E1D28A0900B007AB31D /* Release */ = {
			isa = XCBuildConfiguration;
			buildSettings = {
				ALWAYS_SEARCH_USER_PATHS = NO;
				CLANG_ANALYZER_NONNULL = YES;
				CLANG_ANALYZER_NUMBER_OBJECT_CONVERSION = YES_AGGRESSIVE;
				CLANG_CXX_LANGUAGE_STANDARD = "gnu++17";
				CLANG_ENABLE_MODULES = YES;
				CLANG_ENABLE_OBJC_ARC = YES;
				CLANG_ENABLE_OBJC_WEAK = YES;
				CLANG_WARN_BLOCK_CAPTURE_AUTORELEASING = YES;
				CLANG_WARN_BOOL_CONVERSION = YES;
				CLANG_WARN_COMMA = YES;
				CLANG_WARN_CONSTANT_CONVERSION = YES;
				CLANG_WARN_DEPRECATED_OBJC_IMPLEMENTATIONS = YES;
				CLANG_WARN_DIRECT_OBJC_ISA_USAGE = YES_ERROR;
				CLANG_WARN_DOCUMENTATION_COMMENTS = YES;
				CLANG_WARN_EMPTY_BODY = YES;
				CLANG_WARN_ENUM_CONVERSION = YES;
				CLANG_WARN_INFINITE_RECURSION = YES;
				CLANG_WARN_INT_CONVERSION = YES;
				CLANG_WARN_NON_LITERAL_NULL_CONVERSION = YES;
				CLANG_WARN_OBJC_IMPLICIT_RETAIN_SELF = YES;
				CLANG_WARN_OBJC_LITERAL_CONVERSION = YES;
				CLANG_WARN_OBJC_ROOT_CLASS = YES_ERROR;
				CLANG_WARN_QUOTED_INCLUDE_IN_FRAMEWORK_HEADER = YES;
				CLANG_WARN_RANGE_LOOP_ANALYSIS = YES;
				CLANG_WARN_STRICT_PROTOTYPES = YES;
				CLANG_WARN_SUSPICIOUS_MOVE = YES;
				CLANG_WARN_UNGUARDED_AVAILABILITY = YES_AGGRESSIVE;
				CLANG_WARN_UNREACHABLE_CODE = YES;
				CLANG_WARN__DUPLICATE_METHOD_MATCH = YES;
				COPY_PHASE_STRIP = NO;
				DEBUG_INFORMATION_FORMAT = "dwarf-with-dsym";
				ENABLE_NS_ASSERTIONS = NO;
				ENABLE_STRICT_OBJC_MSGSEND = YES;
				GCC_C_LANGUAGE_STANDARD = gnu11;
				GCC_NO_COMMON_BLOCKS = YES;
				GCC_WARN_64_TO_32_BIT_CONVERSION = YES;
				GCC_WARN_ABOUT_RETURN_TYPE = YES_ERROR;
				GCC_WARN_UNDECLARED_SELECTOR = YES;
				GCC_WARN_UNINITIALIZED_AUTOS = YES_AGGRESSIVE;
				GCC_WARN_UNUSED_FUNCTION = YES;
				GCC_WARN_UNUSED_VARIABLE = YES;
				IPHONEOS_DEPLOYMENT_TARGET = 15.5;
				MTL_ENABLE_DEBUG_INFO = NO;
				MTL_FAST_MATH = YES;
				SDKROOT = iphoneos;
				SWIFT_COMPILATION_MODE = wholemodule;
				SWIFT_OPTIMIZATION_LEVEL = "-O";
				VALIDATE_PRODUCT = YES;
			};
			name = Release;
		};
		12431E1F28A0900B007AB31D /* Debug */ = {
			isa = XCBuildConfiguration;
			buildSettings = {
				ASSETCATALOG_COMPILER_APPICON_NAME = AppIcon;
				ASSETCATALOG_COMPILER_GLOBAL_ACCENT_COLOR_NAME = AccentColor;
				CODE_SIGN_STYLE = Automatic;
				CURRENT_PROJECT_VERSION = 1;
				DEVELOPMENT_TEAM = 9QNSJTHSUQ;
				GENERATE_INFOPLIST_FILE = YES;
				INFOPLIST_FILE = SeSACWeek6/Info.plist;
				INFOPLIST_KEY_UIApplicationSupportsIndirectInputEvents = YES;
				INFOPLIST_KEY_UILaunchStoryboardName = LaunchScreen;
				INFOPLIST_KEY_UIMainStoryboardFile = Main;
				INFOPLIST_KEY_UISupportedInterfaceOrientations_iPad = "UIInterfaceOrientationPortrait UIInterfaceOrientationPortraitUpsideDown UIInterfaceOrientationLandscapeLeft UIInterfaceOrientationLandscapeRight";
				INFOPLIST_KEY_UISupportedInterfaceOrientations_iPhone = "UIInterfaceOrientationPortrait UIInterfaceOrientationLandscapeLeft UIInterfaceOrientationLandscapeRight";
				LD_RUNPATH_SEARCH_PATHS = (
					"$(inherited)",
					"@executable_path/Frameworks",
				);
				MARKETING_VERSION = 1.0;
				PRODUCT_BUNDLE_IDENTIFIER = com.joongwon.SeSACWeek6;
				PRODUCT_NAME = "$(TARGET_NAME)";
				SWIFT_EMIT_LOC_STRINGS = YES;
				SWIFT_VERSION = 5.0;
				TARGETED_DEVICE_FAMILY = "1,2";
			};
			name = Debug;
		};
		12431E2028A0900B007AB31D /* Release */ = {
			isa = XCBuildConfiguration;
			buildSettings = {
				ASSETCATALOG_COMPILER_APPICON_NAME = AppIcon;
				ASSETCATALOG_COMPILER_GLOBAL_ACCENT_COLOR_NAME = AccentColor;
				CODE_SIGN_STYLE = Automatic;
				CURRENT_PROJECT_VERSION = 1;
				DEVELOPMENT_TEAM = 9QNSJTHSUQ;
				GENERATE_INFOPLIST_FILE = YES;
				INFOPLIST_FILE = SeSACWeek6/Info.plist;
				INFOPLIST_KEY_UIApplicationSupportsIndirectInputEvents = YES;
				INFOPLIST_KEY_UILaunchStoryboardName = LaunchScreen;
				INFOPLIST_KEY_UIMainStoryboardFile = Main;
				INFOPLIST_KEY_UISupportedInterfaceOrientations_iPad = "UIInterfaceOrientationPortrait UIInterfaceOrientationPortraitUpsideDown UIInterfaceOrientationLandscapeLeft UIInterfaceOrientationLandscapeRight";
				INFOPLIST_KEY_UISupportedInterfaceOrientations_iPhone = "UIInterfaceOrientationPortrait UIInterfaceOrientationLandscapeLeft UIInterfaceOrientationLandscapeRight";
				LD_RUNPATH_SEARCH_PATHS = (
					"$(inherited)",
					"@executable_path/Frameworks",
				);
				MARKETING_VERSION = 1.0;
				PRODUCT_BUNDLE_IDENTIFIER = com.joongwon.SeSACWeek6;
				PRODUCT_NAME = "$(TARGET_NAME)";
				SWIFT_EMIT_LOC_STRINGS = YES;
				SWIFT_VERSION = 5.0;
				TARGETED_DEVICE_FAMILY = "1,2";
			};
			name = Release;
		};
/* End XCBuildConfiguration section */

/* Begin XCConfigurationList section */
		12431E0528A0900A007AB31D /* Build configuration list for PBXProject "SeSACWeek6" */ = {
			isa = XCConfigurationList;
			buildConfigurations = (
				12431E1C28A0900B007AB31D /* Debug */,
				12431E1D28A0900B007AB31D /* Release */,
			);
			defaultConfigurationIsVisible = 0;
			defaultConfigurationName = Release;
		};
		12431E1E28A0900B007AB31D /* Build configuration list for PBXNativeTarget "SeSACWeek6" */ = {
			isa = XCConfigurationList;
			buildConfigurations = (
				12431E1F28A0900B007AB31D /* Debug */,
				12431E2028A0900B007AB31D /* Release */,
			);
			defaultConfigurationIsVisible = 0;
			defaultConfigurationName = Release;
		};
/* End XCConfigurationList section */

/* Begin XCRemoteSwiftPackageReference section */
		12431E2128A09035007AB31D /* XCRemoteSwiftPackageReference "Alamofire" */ = {
			isa = XCRemoteSwiftPackageReference;
			repositoryURL = "https://github.com/Alamofire/Alamofire.git";
			requirement = {
				kind = upToNextMajorVersion;
				minimumVersion = 5.0.0;
			};
		};
		12431E2428A09051007AB31D /* XCRemoteSwiftPackageReference "Kingfisher" */ = {
			isa = XCRemoteSwiftPackageReference;
			repositoryURL = "https://github.com/onevcat/Kingfisher.git";
			requirement = {
				kind = upToNextMajorVersion;
				minimumVersion = 7.0.0;
			};
		};
		12431E2728A0905B007AB31D /* XCRemoteSwiftPackageReference "SwiftyJSON" */ = {
			isa = XCRemoteSwiftPackageReference;
			repositoryURL = "https://github.com/SwiftyJSON/SwiftyJSON.git";
			requirement = {
				kind = upToNextMajorVersion;
				minimumVersion = 5.0.0;
			};
		};
/* End XCRemoteSwiftPackageReference section */

/* Begin XCSwiftPackageProductDependency section */
		12431E2228A09035007AB31D /* Alamofire */ = {
			isa = XCSwiftPackageProductDependency;
			package = 12431E2128A09035007AB31D /* XCRemoteSwiftPackageReference "Alamofire" */;
			productName = Alamofire;
		};
		12431E2528A09051007AB31D /* Kingfisher */ = {
			isa = XCSwiftPackageProductDependency;
			package = 12431E2428A09051007AB31D /* XCRemoteSwiftPackageReference "Kingfisher" */;
			productName = Kingfisher;
		};
		12431E2828A0905B007AB31D /* SwiftyJSON */ = {
			isa = XCSwiftPackageProductDependency;
			package = 12431E2728A0905B007AB31D /* XCRemoteSwiftPackageReference "SwiftyJSON" */;
			productName = SwiftyJSON;
		};
/* End XCSwiftPackageProductDependency section */
	};
	rootObject = 12431E0228A0900A007AB31D /* Project object */;
}
